
Microsoft Visual Studio Solution File, Format Version 12.00
# Visual Studio Version 17
VisualStudioVersion = 17.4.33213.308
MinimumVisualStudioVersion = 10.0.40219.1
Project("{FAE04EC0-301F-11D3-BF4B-00C04F79EFBC}") = "Lab3G", "Lab3G\Lab3G.csproj", "{200BE0E2-C1C5-4699-8238-478900C0CAE8}"
EndProject
Global
	GlobalSection(SolutionConfigurationPlatforms) = preSolution
		Debug|Any CPU = Debug|Any CPU
		Release|Any CPU = Release|Any CPU
	EndGlobalSection
	GlobalSection(ProjectConfigurationPlatforms) = postSolution
		{200BE0E2-C1C5-4699-8238-478900C0CAE8}.Debug|Any CPU.ActiveCfg = Debug|Any CPU
		{200BE0E2-C1C5-4699-8238-478900C0CAE8}.Debug|Any CPU.Build.0 = Debug|Any CPU
		{200BE0E2-C1C5-4699-8238-478900C0CAE8}.Release|Any CPU.ActiveCfg = Release|Any CPU
		{200BE0E2-C1C5-4699-8238-478900C0CAE8}.Release|Any CPU.Build.0 = Release|Any CPU
	EndGlobalSection
	GlobalSection(SolutionProperties) = preSolution
		HideSolutionNode = FALSE
	EndGlobalSection
	GlobalSection(ExtensibilityGlobals) = postSolution
		SolutionGuid = {A1709BB0-4A38-40F6-86FB-3992EF575155}
	EndGlobalSection
EndGlobal
